
Microsoft Visual Studio Solution File, Format Version 12.00
# Visual Studio Version 17
VisualStudioVersion = 17.0.32112.339
MinimumVisualStudioVersion = 10.0.40219.1
Project("{FAE04EC0-301F-11D3-BF4B-00C04F79EFBC}") = "QuickSpace", "QuickSpace\QuickSpace.csproj", "{D77C4548-1DDC-4D1D-96A1-C6F7A46B8FD6}"
EndProject
Project("{2150E333-8FDC-42A3-9474-1A3956D46DE8}") = "Solution Items", "Solution Items", "{E6B72EFF-AC4E-4F5B-B1D3-4B48006F8B26}"
	ProjectSection(SolutionItems) = preProject
		.editorconfig = .editorconfig
	EndProjectSection
EndProject
Global
	GlobalSection(SolutionConfigurationPlatforms) = preSolution
		Debug|Any CPU = Debug|Any CPU
		Release|Any CPU = Release|Any CPU
	EndGlobalSection
	GlobalSection(ProjectConfigurationPlatforms) = postSolution
		{D77C4548-1DDC-4D1D-96A1-C6F7A46B8FD6}.Debug|Any CPU.ActiveCfg = Debug|Any CPU
		{D77C4548-1DDC-4D1D-96A1-C6F7A46B8FD6}.Debug|Any CPU.Build.0 = Debug|Any CPU
		{D77C4548-1DDC-4D1D-96A1-C6F7A46B8FD6}.Release|Any CPU.ActiveCfg = Release|Any CPU
		{D77C4548-1DDC-4D1D-96A1-C6F7A46B8FD6}.Release|Any CPU.Build.0 = Release|Any CPU
	EndGlobalSection
	GlobalSection(SolutionProperties) = preSolution
		HideSolutionNode = FALSE
	EndGlobalSection
	GlobalSection(ExtensibilityGlobals) = postSolution
		SolutionGuid = {BBB71650-546F-4F6F-B357-32353D209D84}
	EndGlobalSection
EndGlobal
